
Microsoft Visual Studio Solution File, Format Version 12.00
# Visual Studio Version 16
VisualStudioVersion = 16.0.29519.87
MinimumVisualStudioVersion = 10.0.40219.1
Project("{8BC9CEB8-8B4A-11D0-8D11-00A0C91BC942}") = "Ch01_Console_Game_Programming", "Ch01_Console_Game_Programming\Ch01_Console_Game_Programming.vcxproj", "{1773FC63-FA07-4C8E-A46E-C420ABBD9477}"
EndProject
Project("{2150E333-8FDC-42A3-9474-1A3956D46DE8}") = "Solution Items", "Solution Items", "{FF8DAD92-21F2-4E75-8DFB-D59855A01304}"
	ProjectSection(SolutionItems) = preProject
		README.md = README.md
	EndProjectSection
EndProject
Project("{8BC9CEB8-8B4A-11D0-8D11-00A0C91BC942}") = "ch02_2D_Graphics", "ch02_2D_Graphics\ch02_2D_Graphics.vcxproj", "{A45DD369-F158-4730-BE6A-A47BA4FA47BA}"
EndProject
Project("{8BC9CEB8-8B4A-11D0-8D11-00A0C91BC942}") = "Ch02_Console_To_Graphic", "Ch02_Console_To_Graphic\Ch02_Console_To_Graphic.vcxproj", "{6E5F3920-B81D-4DAB-ACA9-C6B578A57941}"
EndProject
Project("{8BC9CEB8-8B4A-11D0-8D11-00A0C91BC942}") = "Ch03_DDSImage", "Ch03_DDSImage\Ch03_DDSImage.vcxproj", "{BA9BF560-ECEA-424C-A197-58684F446C30}"
EndProject
Project("{8BC9CEB8-8B4A-11D0-8D11-00A0C91BC942}") = "Ch03_Dot_To_Image", "Ch03_Dot_To_Image\Ch03_Dot_To_Image.vcxproj", "{01F39464-FB55-44CB-8A56-A5919F60CD40}"
EndProject
Project("{8BC9CEB8-8B4A-11D0-8D11-00A0C91BC942}") = "ch03_PushPush_AlphaBlending", "ch03_PushPush_AlphaBlending\ch03_PushPush_AlphaBlending.vcxproj", "{62AA302B-4A23-4158-9F3A-8EEEC61B97DB}"
EndProject
Global
	GlobalSection(SolutionConfigurationPlatforms) = preSolution
		Debug|x64 = Debug|x64
		Debug|x86 = Debug|x86
		Release|x64 = Release|x64
		Release|x86 = Release|x86
	EndGlobalSection
	GlobalSection(ProjectConfigurationPlatforms) = postSolution
		{1773FC63-FA07-4C8E-A46E-C420ABBD9477}.Debug|x64.ActiveCfg = Debug|x64
		{1773FC63-FA07-4C8E-A46E-C420ABBD9477}.Debug|x64.Build.0 = Debug|x64
		{1773FC63-FA07-4C8E-A46E-C420ABBD9477}.Debug|x86.ActiveCfg = Debug|Win32
		{1773FC63-FA07-4C8E-A46E-C420ABBD9477}.Debug|x86.Build.0 = Debug|Win32
		{1773FC63-FA07-4C8E-A46E-C420ABBD9477}.Release|x64.ActiveCfg = Release|x64
		{1773FC63-FA07-4C8E-A46E-C420ABBD9477}.Release|x64.Build.0 = Release|x64
		{1773FC63-FA07-4C8E-A46E-C420ABBD9477}.Release|x86.ActiveCfg = Release|Win32
		{1773FC63-FA07-4C8E-A46E-C420ABBD9477}.Release|x86.Build.0 = Release|Win32
		{A45DD369-F158-4730-BE6A-A47BA4FA47BA}.Debug|x64.ActiveCfg = Debug|x64
		{A45DD369-F158-4730-BE6A-A47BA4FA47BA}.Debug|x64.Build.0 = Debug|x64
		{A45DD369-F158-4730-BE6A-A47BA4FA47BA}.Debug|x86.ActiveCfg = Debug|Win32
		{A45DD369-F158-4730-BE6A-A47BA4FA47BA}.Debug|x86.Build.0 = Debug|Win32
		{A45DD369-F158-4730-BE6A-A47BA4FA47BA}.Release|x64.ActiveCfg = Release|x64
		{A45DD369-F158-4730-BE6A-A47BA4FA47BA}.Release|x64.Build.0 = Release|x64
		{A45DD369-F158-4730-BE6A-A47BA4FA47BA}.Release|x86.ActiveCfg = Release|Win32
		{A45DD369-F158-4730-BE6A-A47BA4FA47BA}.Release|x86.Build.0 = Release|Win32
		{6E5F3920-B81D-4DAB-ACA9-C6B578A57941}.Debug|x64.ActiveCfg = Debug|x64
		{6E5F3920-B81D-4DAB-ACA9-C6B578A57941}.Debug|x64.Build.0 = Debug|x64
		{6E5F3920-B81D-4DAB-ACA9-C6B578A57941}.Debug|x86.ActiveCfg = Debug|Win32
		{6E5F3920-B81D-4DAB-ACA9-C6B578A57941}.Debug|x86.Build.0 = Debug|Win32
		{6E5F3920-B81D-4DAB-ACA9-C6B578A57941}.Release|x64.ActiveCfg = Release|x64
		{6E5F3920-B81D-4DAB-ACA9-C6B578A57941}.Release|x64.Build.0 = Release|x64
		{6E5F3920-B81D-4DAB-ACA9-C6B578A57941}.Release|x86.ActiveCfg = Release|Win32
		{6E5F3920-B81D-4DAB-ACA9-C6B578A57941}.Release|x86.Build.0 = Release|Win32
		{BA9BF560-ECEA-424C-A197-58684F446C30}.Debug|x64.ActiveCfg = Debug|x64
		{BA9BF560-ECEA-424C-A197-58684F446C30}.Debug|x64.Build.0 = Debug|x64
		{BA9BF560-ECEA-424C-A197-58684F446C30}.Debug|x86.ActiveCfg = Debug|Win32
		{BA9BF560-ECEA-424C-A197-58684F446C30}.Debug|x86.Build.0 = Debug|Win32
		{BA9BF560-ECEA-424C-A197-58684F446C30}.Release|x64.ActiveCfg = Release|x64
		{BA9BF560-ECEA-424C-A197-58684F446C30}.Release|x64.Build.0 = Release|x64
		{BA9BF560-ECEA-424C-A197-58684F446C30}.Release|x86.ActiveCfg = Release|Win32
		{BA9BF560-ECEA-424C-A197-58684F446C30}.Release|x86.Build.0 = Release|Win32
		{01F39464-FB55-44CB-8A56-A5919F60CD40}.Debug|x64.ActiveCfg = Debug|x64
		{01F39464-FB55-44CB-8A56-A5919F60CD40}.Debug|x64.Build.0 = Debug|x64
		{01F39464-FB55-44CB-8A56-A5919F60CD40}.Debug|x86.ActiveCfg = Debug|Win32
		{01F39464-FB55-44CB-8A56-A5919F60CD40}.Debug|x86.Build.0 = Debug|Win32
		{01F39464-FB55-44CB-8A56-A5919F60CD40}.Release|x64.ActiveCfg = Release|x64
		{01F39464-FB55-44CB-8A56-A5919F60CD40}.Release|x64.Build.0 = Release|x64
		{01F39464-FB55-44CB-8A56-A5919F60CD40}.Release|x86.ActiveCfg = Release|Win32
		{01F39464-FB55-44CB-8A56-A5919F60CD40}.Release|x86.Build.0 = Release|Win32
		{62AA302B-4A23-4158-9F3A-8EEEC61B97DB}.Debug|x64.ActiveCfg = Debug|x64
		{62AA302B-4A23-4158-9F3A-8EEEC61B97DB}.Debug|x64.Build.0 = Debug|x64
		{62AA302B-4A23-4158-9F3A-8EEEC61B97DB}.Debug|x86.ActiveCfg = Debug|Win32
		{62AA302B-4A23-4158-9F3A-8EEEC61B97DB}.Debug|x86.Build.0 = Debug|Win32
		{62AA302B-4A23-4158-9F3A-8EEEC61B97DB}.Release|x64.ActiveCfg = Release|x64
		{62AA302B-4A23-4158-9F3A-8EEEC61B97DB}.Release|x64.Build.0 = Release|x64
		{62AA302B-4A23-4158-9F3A-8EEEC61B97DB}.Release|x86.ActiveCfg = Release|Win32
		{62AA302B-4A23-4158-9F3A-8EEEC61B97DB}.Release|x86.Build.0 = Release|Win32
	EndGlobalSection
	GlobalSection(SolutionProperties) = preSolution
		HideSolutionNode = FALSE
	EndGlobalSection
	GlobalSection(ExtensibilityGlobals) = postSolution
		SolutionGuid = {261C9441-3516-4D46-91F1-3FAADF3EAB29}
	EndGlobalSection
EndGlobal
